
Microsoft Visual Studio Solution File, Format Version 12.00
# Visual Studio Version 17
VisualStudioVersion = 17.2.32602.215
MinimumVisualStudioVersion = 10.0.40219.1
Project("{9A19103F-16F7-4668-BE54-9A1E7A4F7556}") = "AuthenticationSpike", "AuthenticationSpike\AuthenticationSpike.csproj", "{14C3BC73-1BB8-46C1-8E4E-FAF1BC515C87}"
EndProject
Global
	GlobalSection(SolutionConfigurationPlatforms) = preSolution
		Debug|Any CPU = Debug|Any CPU
		Release|Any CPU = Release|Any CPU
	EndGlobalSection
	GlobalSection(ProjectConfigurationPlatforms) = postSolution
		{14C3BC73-1BB8-46C1-8E4E-FAF1BC515C87}.Debug|Any CPU.ActiveCfg = Debug|Any CPU
		{14C3BC73-1BB8-46C1-8E4E-FAF1BC515C87}.Debug|Any CPU.Build.0 = Debug|Any CPU
		{14C3BC73-1BB8-46C1-8E4E-FAF1BC515C87}.Release|Any CPU.ActiveCfg = Release|Any CPU
		{14C3BC73-1BB8-46C1-8E4E-FAF1BC515C87}.Release|Any CPU.Build.0 = Release|Any CPU
	EndGlobalSection
	GlobalSection(SolutionProperties) = preSolution
		HideSolutionNode = FALSE
	EndGlobalSection
	GlobalSection(ExtensibilityGlobals) = postSolution
		SolutionGuid = {4FC85608-0439-4C36-B7C2-AF4906B0FE7F}
	EndGlobalSection
EndGlobal
